
Microsoft Visual Studio Solution File, Format Version 12.00
# Visual Studio 15
VisualStudioVersion = 15.0.27004.2008
MinimumVisualStudioVersion = 10.0.40219.1
Project("{9A19103F-16F7-4668-BE54-9A1E7A4F7556}") = "Domain", "Domain\Domain.csproj", "{53B6ACC4-4A0C-4752-8704-9991D2FF964D}"
EndProject
Project("{9A19103F-16F7-4668-BE54-9A1E7A4F7556}") = "BakeryHubSite", "BakeryHubSite\BakeryHubSite.csproj", "{8890DE67-B404-46B6-AA4E-11BA0FAB9A30}"
EndProject
Project("{9A19103F-16F7-4668-BE54-9A1E7A4F7556}") = "BakeryHub.Test", "BakeryHub.Test\BakeryHub.Test.csproj", "{673BEFCD-579F-4DC7-BDAA-9027156512D2}"
EndProject
Global
	GlobalSection(SolutionConfigurationPlatforms) = preSolution
		Debug|Any CPU = Debug|Any CPU
		Release|Any CPU = Release|Any CPU
	EndGlobalSection
	GlobalSection(ProjectConfigurationPlatforms) = postSolution
		{53B6ACC4-4A0C-4752-8704-9991D2FF964D}.Debug|Any CPU.ActiveCfg = Debug|Any CPU
		{53B6ACC4-4A0C-4752-8704-9991D2FF964D}.Debug|Any CPU.Build.0 = Debug|Any CPU
		{53B6ACC4-4A0C-4752-8704-9991D2FF964D}.Release|Any CPU.ActiveCfg = Release|Any CPU
		{53B6ACC4-4A0C-4752-8704-9991D2FF964D}.Release|Any CPU.Build.0 = Release|Any CPU
		{8890DE67-B404-46B6-AA4E-11BA0FAB9A30}.Debug|Any CPU.ActiveCfg = Debug|Any CPU
		{8890DE67-B404-46B6-AA4E-11BA0FAB9A30}.Debug|Any CPU.Build.0 = Debug|Any CPU
		{8890DE67-B404-46B6-AA4E-11BA0FAB9A30}.Release|Any CPU.ActiveCfg = Release|Any CPU
		{8890DE67-B404-46B6-AA4E-11BA0FAB9A30}.Release|Any CPU.Build.0 = Release|Any CPU
		{673BEFCD-579F-4DC7-BDAA-9027156512D2}.Debug|Any CPU.ActiveCfg = Debug|Any CPU
		{673BEFCD-579F-4DC7-BDAA-9027156512D2}.Debug|Any CPU.Build.0 = Debug|Any CPU
		{673BEFCD-579F-4DC7-BDAA-9027156512D2}.Release|Any CPU.ActiveCfg = Release|Any CPU
		{673BEFCD-579F-4DC7-BDAA-9027156512D2}.Release|Any CPU.Build.0 = Release|Any CPU
	EndGlobalSection
	GlobalSection(SolutionProperties) = preSolution
		HideSolutionNode = FALSE
	EndGlobalSection
	GlobalSection(ExtensibilityGlobals) = postSolution
		SolutionGuid = {6F75A52B-35F1-4A5F-BCC2-DBF022A4285E}
	EndGlobalSection
EndGlobal
